// !$*UTF8*$!
{
	archiveVersion = 1;
	classes = {
	};
	objectVersion = 46;
	objects = {

/* Begin PBXBuildFile section */
		056139D51C9145130014BAF6 /* AppDelegate.swift in Sources */ = {isa = PBXBuildFile; fileRef = 056139D41C9145130014BAF6 /* AppDelegate.swift */; };
		056139D71C9145130014BAF6 /* ViewController.swift in Sources */ = {isa = PBXBuildFile; fileRef = 056139D61C9145130014BAF6 /* ViewController.swift */; };
		056139DA1C9145130014BAF6 /* Main.storyboard in Resources */ = {isa = PBXBuildFile; fileRef = 056139D81C9145130014BAF6 /* Main.storyboard */; };
		056139DD1C9145130014BAF6 /* Taskit.xcdatamodeld in Sources */ = {isa = PBXBuildFile; fileRef = 056139DB1C9145130014BAF6 /* Taskit.xcdatamodeld */; };
		056139DF1C9145130014BAF6 /* Assets.xcassets in Resources */ = {isa = PBXBuildFile; fileRef = 056139DE1C9145130014BAF6 /* Assets.xcassets */; };
		056139E21C9145130014BAF6 /* LaunchScreen.storyboard in Resources */ = {isa = PBXBuildFile; fileRef = 056139E01C9145130014BAF6 /* LaunchScreen.storyboard */; };
		056139EA1C914B790014BAF6 /* TaskCell.swift in Sources */ = {isa = PBXBuildFile; fileRef = 056139E91C914B790014BAF6 /* TaskCell.swift */; };
		05A0724A1C952C35007534AD /* TaskModel.swift in Sources */ = {isa = PBXBuildFile; fileRef = 05A072491C952C35007534AD /* TaskModel.swift */; };
		05A0724E1C953164007534AD /* TaskDetialViewController.swift in Sources */ = {isa = PBXBuildFile; fileRef = 05A0724D1C953164007534AD /* TaskDetialViewController.swift */; };
/* End PBXBuildFile section */

/* Begin PBXFileReference section */
		056139D11C9145130014BAF6 /* Taskit.app */ = {isa = PBXFileReference; explicitFileType = wrapper.application; includeInIndex = 0; path = Taskit.app; sourceTree = BUILT_PRODUCTS_DIR; };
		056139D41C9145130014BAF6 /* AppDelegate.swift */ = {isa = PBXFileReference; lastKnownFileType = sourcecode.swift; path = AppDelegate.swift; sourceTree = "<group>"; };
		056139D61C9145130014BAF6 /* ViewController.swift */ = {isa = PBXFileReference; lastKnownFileType = sourcecode.swift; path = ViewController.swift; sourceTree = "<group>"; };
		056139D91C9145130014BAF6 /* Base */ = {isa = PBXFileReference; lastKnownFileType = file.storyboard; name = Base; path = Base.lproj/Main.storyboard; sourceTree = "<group>"; };
		056139DC1C9145130014BAF6 /* Taskit.xcdatamodel */ = {isa = PBXFileReference; lastKnownFileType = wrapper.xcdatamodel; path = Taskit.xcdatamodel; sourceTree = "<group>"; };
		056139DE1C9145130014BAF6 /* Assets.xcassets */ = {isa = PBXFileReference; lastKnownFileType = folder.assetcatalog; path = Assets.xcassets; sourceTree = "<group>"; };
		056139E11C9145130014BAF6 /* Base */ = {isa = PBXFileReference; lastKnownFileType = file.storyboard; name = Base; path = Base.lproj/LaunchScreen.storyboard; sourceTree = "<group>"; };
		056139E31C9145130014BAF6 /* Info.plist */ = {isa = PBXFileReference; lastKnownFileType = text.plist.xml; path = Info.plist; sourceTree = "<group>"; };
		056139E91C914B790014BAF6 /* TaskCell.swift */ = {isa = PBXFileReference; fileEncoding = 4; lastKnownFileType = sourcecode.swift; path = TaskCell.swift; sourceTree = "<group>"; };
		05A072491C952C35007534AD /* TaskModel.swift */ = {isa = PBXFileReference; fileEncoding = 4; lastKnownFileType = sourcecode.swift; path = TaskModel.swift; sourceTree = "<group>"; };
		05A0724D1C953164007534AD /* TaskDetialViewController.swift */ = {isa = PBXFileReference; fileEncoding = 4; lastKnownFileType = sourcecode.swift; path = TaskDetialViewController.swift; sourceTree = "<group>"; };
/* End PBXFileReference section */

/* Begin PBXFrameworksBuildPhase section */
		056139CE1C9145130014BAF6 /* Frameworks */ = {
			isa = PBXFrameworksBuildPhase;
			buildActionMask = 2147483647;
			files = (
			);
			runOnlyForDeploymentPostprocessing = 0;
		};
/* End PBXFrameworksBuildPhase section */

/* Begin PBXGroup section */
		056139C81C9145130014BAF6 = {
			isa = PBXGroup;
			children = (
				056139D31C9145130014BAF6 /* Taskit */,
				056139D21C9145130014BAF6 /* Products */,
			);
			sourceTree = "<group>";
		};
		056139D21C9145130014BAF6 /* Products */ = {
			isa = PBXGroup;
			children = (
				056139D11C9145130014BAF6 /* Taskit.app */,
			);
			name = Products;
			sourceTree = "<group>";
		};
		056139D31C9145130014BAF6 /* Taskit */ = {
			isa = PBXGroup;
			children = (
				056139D41C9145130014BAF6 /* AppDelegate.swift */,
				056139D61C9145130014BAF6 /* ViewController.swift */,
				05A0724D1C953164007534AD /* TaskDetialViewController.swift */,
				05A072491C952C35007534AD /* TaskModel.swift */,
				056139D81C9145130014BAF6 /* Main.storyboard */,
				056139E91C914B790014BAF6 /* TaskCell.swift */,
				056139DE1C9145130014BAF6 /* Assets.xcassets */,
				056139E01C9145130014BAF6 /* LaunchScreen.storyboard */,
				056139E31C9145130014BAF6 /* Info.plist */,
				056139DB1C9145130014BAF6 /* Taskit.xcdatamodeld */,
			);
			path = Taskit;
			sourceTree = "<group>";
		};
/* End PBXGroup section */

/* Begin PBXNativeTarget section */
		056139D01C9145130014BAF6 /* Taskit */ = {
			isa = PBXNativeTarget;
			buildConfigurationList = 056139E61C9145130014BAF6 /* Build configuration list for PBXNativeTarget "Taskit" */;
			buildPhases = (
				056139CD1C9145130014BAF6 /* Sources */,
				056139CE1C9145130014BAF6 /* Frameworks */,
				056139CF1C9145130014BAF6 /* Resources */,
			);
			buildRules = (
			);
			dependencies = (
			);
			name = Taskit;
			productName = Taskit;
			productReference = 056139D11C9145130014BAF6 /* Taskit.app */;
			productType = "com.apple.product-type.application";
		};
/* End PBXNativeTarget section */

/* Begin PBXProject section */
		056139C91C9145130014BAF6 /* Project object */ = {
			isa = PBXProject;
			attributes = {
				LastSwiftUpdateCheck = 0720;
				LastUpgradeCheck = 0720;
				ORGANIZATIONNAME = "Roy Montoya";
				TargetAttributes = {
					056139D01C9145130014BAF6 = {
						CreatedOnToolsVersion = 7.2.1;
					};
				};
			};
			buildConfigurationList = 056139CC1C9145130014BAF6 /* Build configuration list for PBXProject "Taskit" */;
			compatibilityVersion = "Xcode 3.2";
			developmentRegion = English;
			hasScannedForEncodings = 0;
			knownRegions = (
				en,
				Base,
			);
			mainGroup = 056139C81C9145130014BAF6;
			productRefGroup = 056139D21C9145130014BAF6 /* Products */;
			projectDirPath = "";
			projectRoot = "";
			targets = (
				056139D01C9145130014BAF6 /* Taskit */,
			);
		};
/* End PBXProject section */

/* Begin PBXResourcesBuildPhase section */
		056139CF1C9145130014BAF6 /* Resources */ = {
			isa = PBXResourcesBuildPhase;
			buildActionMask = 2147483647;
			files = (
				056139E21C9145130014BAF6 /* LaunchScreen.storyboard in Resources */,
				056139DF1C9145130014BAF6 /* Assets.xcassets in Resources */,
				056139DA1C9145130014BAF6 /* Main.storyboard in Resources */,
			);
			runOnlyForDeploymentPostprocessing = 0;
		};
/* End PBXResourcesBuildPhase section */

/* Begin PBXSourcesBuildPhase section */
		056139CD1C9145130014BAF6 /* Sources */ = {
			isa = PBXSourcesBuildPhase;
			buildActionMask = 2147483647;
			files = (
				056139EA1C914B790014BAF6 /* TaskCell.swift in Sources */,
				056139DD1C9145130014BAF6 /* Taskit.xcdatamodeld in Sources */,
				05A0724A1C952C35007534AD /* TaskModel.swift in Sources */,
				056139D71C9145130014BAF6 /* ViewController.swift in Sources */,
				05A0724E1C953164007534AD /* TaskDetialViewController.swift in Sources */,
				056139D51C9145130014BAF6 /* AppDelegate.swift in Sources */,
			);
			runOnlyForDeploymentPostprocessing = 0;
		};
/* End PBXSourcesBuildPhase section */

/* Begin PBXVariantGroup section */
		056139D81C9145130014BAF6 /* Main.storyboard */ = {
			isa = PBXVariantGroup;
			children = (
				056139D91C9145130014BAF6 /* Base */,
			);
			name = Main.storyboard;
			sourceTree = "<group>";
		};
		056139E01C9145130014BAF6 /* LaunchScreen.storyboard */ = {
			isa = PBXVariantGroup;
			children = (
				056139E11C9145130014BAF6 /* Base */,
			);
			name = LaunchScreen.storyboard;
			sourceTree = "<group>";
		};
/* End PBXVariantGroup section */

/* Begin XCBuildConfiguration section */
		056139E41C9145130014BAF6 /* Debug */ = {
			isa = XCBuildConfiguration;
			buildSettings = {
				ALWAYS_SEARCH_USER_PATHS = NO;
				CLANG_CXX_LANGUAGE_STANDARD = "gnu++0x";
				CLANG_CXX_LIBRARY = "libc++";
				CLANG_ENABLE_MODULES = YES;
				CLANG_ENABLE_OBJC_ARC = YES;
				CLANG_WARN_BOOL_CONVERSION = YES;
				CLANG_WARN_CONSTANT_CONVERSION = YES;
				CLANG_WARN_DIRECT_OBJC_ISA_USAGE = YES_ERROR;
				CLANG_WARN_EMPTY_BODY = YES;
				CLANG_WARN_ENUM_CONVERSION = YES;
				CLANG_WARN_INT_CONVERSION = YES;
				CLANG_WARN_OBJC_ROOT_CLASS = YES_ERROR;
				CLANG_WARN_UNREACHABLE_CODE = YES;
				CLANG_WARN__DUPLICATE_METHOD_MATCH = YES;
				"CODE_SIGN_IDENTITY[sdk=iphoneos*]" = "iPhone Developer";
				COPY_PHASE_STRIP = NO;
				DEBUG_INFORMATION_FORMAT = dwarf;
				ENABLE_STRICT_OBJC_MSGSEND = YES;
				ENABLE_TESTABILITY = YES;
				GCC_C_LANGUAGE_STANDARD = gnu99;
				GCC_DYNAMIC_NO_PIC = NO;
				GCC_NO_COMMON_BLOCKS = YES;
				GCC_OPTIMIZATION_LEVEL = 0;
				GCC_PREPROCESSOR_DEFINITIONS = (
					"DEBUG=1",
					"$(inherited)",
				);
				GCC_WARN_64_TO_32_BIT_CONVERSION = YES;
				GCC_WARN_ABOUT_RETURN_TYPE = YES_ERROR;
				GCC_WARN_UNDECLARED_SELECTOR = YES;
				GCC_WARN_UNINITIALIZED_AUTOS = YES_AGGRESSIVE;
				GCC_WARN_UNUSED_FUNCTION = YES;
				GCC_WARN_UNUSED_VARIABLE = YES;
				IPHONEOS_DEPLOYMENT_TARGET = 9.2;
				MTL_ENABLE_DEBUG_INFO = YES;
				ONLY_ACTIVE_ARCH = YES;
				SDKROOT = iphoneos;
				SWIFT_OPTIMIZATION_LEVEL = "-Onone";
				TARGETED_DEVICE_FAMILY = "1,2";
			};
			name = Debug;
		};
		056139E51C9145130014BAF6 /* Release */ = {
			isa = XCBuildConfiguration;
			buildSettings = {
				ALWAYS_SEARCH_USER_PATHS = NO;
				CLANG_CXX_LANGUAGE_STANDARD = "gnu++0x";
				CLANG_CXX_LIBRARY = "libc++";
				CLANG_ENABLE_MODULES = YES;
				CLANG_ENABLE_OBJC_ARC = YES;
				CLANG_WARN_BOOL_CONVERSION = YES;
				CLANG_WARN_CONSTANT_CONVERSION = YES;
				CLANG_WARN_DIRECT_OBJC_ISA_USAGE = YES_ERROR;
				CLANG_WARN_EMPTY_BODY = YES;
				CLANG_WARN_ENUM_CONVERSION = YES;
				CLANG_WARN_INT_CONVERSION = YES;
				CLANG_WARN_OBJC_ROOT_CLASS = YES_ERROR;
				CLANG_WARN_UNREACHABLE_CODE = YES;
				CLANG_WARN__DUPLICATE_METHOD_MATCH = YES;
				"CODE_SIGN_IDENTITY[sdk=iphoneos*]" = "iPhone Developer";
				COPY_PHASE_STRIP = NO;
				DEBUG_INFORMATION_FORMAT = "dwarf-with-dsym";
				ENABLE_NS_ASSERTIONS = NO;
				ENABLE_STRICT_OBJC_MSGSEND = YES;
				GCC_C_LANGUAGE_STANDARD = gnu99;
				GCC_NO_COMMON_BLOCKS = YES;
				GCC_WARN_64_TO_32_BIT_CONVERSION = YES;
				GCC_WARN_ABOUT_RETURN_TYPE = YES_ERROR;
				GCC_WARN_UNDECLARED_SELECTOR = YES;
				GCC_WARN_UNINITIALIZED_AUTOS = YES_AGGRESSIVE;
				GCC_WARN_UNUSED_FUNCTION = YES;
				GCC_WARN_UNUSED_VARIABLE = YES;
				IPHONEOS_DEPLOYMENT_TARGET = 9.2;
				MTL_ENABLE_DEBUG_INFO = NO;
				SDKROOT = iphoneos;
				TARGETED_DEVICE_FAMILY = "1,2";
				VALIDATE_PRODUCT = YES;
			};
			name = Release;
		};
		056139E71C9145130014BAF6 /* Debug */ = {
			isa = XCBuildConfiguration;
			buildSettings = {
				ASSETCATALOG_COMPILER_APPICON_NAME = AppIcon;
				INFOPLIST_FILE = Taskit/Info.plist;
				LD_RUNPATH_SEARCH_PATHS = "$(inherited) @executable_path/Frameworks";
				PRODUCT_BUNDLE_IDENTIFIER = self.edu.Taskit;
				PRODUCT_NAME = "$(TARGET_NAME)";
			};
			name = Debug;
		};
		056139E81C9145130014BAF6 /* Release */ = {
			isa = XCBuildConfiguration;
			buildSettings = {
				ASSETCATALOG_COMPILER_APPICON_NAME = AppIcon;
				INFOPLIST_FILE = Taskit/Info.plist;
				LD_RUNPATH_SEARCH_PATHS = "$(inherited) @executable_path/Frameworks";
				PRODUCT_BUNDLE_IDENTIFIER = self.edu.Taskit;
				PRODUCT_NAME = "$(TARGET_NAME)";
			};
			name = Release;
		};
/* End XCBuildConfiguration section */

/* Begin XCConfigurationList section */
		056139CC1C9145130014BAF6 /* Build configuration list for PBXProject "Taskit" */ = {
			isa = XCConfigurationList;
			buildConfigurations = (
				056139E41C9145130014BAF6 /* Debug */,
				056139E51C9145130014BAF6 /* Release */,
			);
			defaultConfigurationIsVisible = 0;
			defaultConfigurationName = Release;
		};
		056139E61C9145130014BAF6 /* Build configuration list for PBXNativeTarget "Taskit" */ = {
			isa = XCConfigurationList;
			buildConfigurations = (
				056139E71C9145130014BAF6 /* Debug */,
				056139E81C9145130014BAF6 /* Release */,
			);
			defaultConfigurationIsVisible = 0;
			defaultConfigurationName = Release;
		};
/* End XCConfigurationList section */

/* Begin XCVersionGroup section */
		056139DB1C9145130014BAF6 /* Taskit.xcdatamodeld */ = {
			isa = XCVersionGroup;
			children = (
				056139DC1C9145130014BAF6 /* Taskit.xcdatamodel */,
			);
			currentVersion = 056139DC1C9145130014BAF6 /* Taskit.xcdatamodel */;
			path = Taskit.xcdatamodeld;
			sourceTree = "<group>";
			versionGroupType = wrapper.xcdatamodel;
		};
/* End XCVersionGroup section */
	};
	rootObject = 056139C91C9145130014BAF6 /* Project object */;
}
